
Microsoft Visual Studio Solution File, Format Version 12.00
Project("{FAE04EC0-301F-11D3-BF4B-00C04F79EFBC}") = "Lighthouse2", "Lighthouse2\Lighthouse2.csproj", "{9ED7E46A-3304-4971-A77D-41FE2D1E2913}"
EndProject
Global
	GlobalSection(SolutionConfigurationPlatforms) = preSolution
		Debug|Any CPU = Debug|Any CPU
		Release|Any CPU = Release|Any CPU
	EndGlobalSection
	GlobalSection(ProjectConfigurationPlatforms) = postSolution
		{9ED7E46A-3304-4971-A77D-41FE2D1E2913}.Debug|Any CPU.ActiveCfg = Debug|Any CPU
		{9ED7E46A-3304-4971-A77D-41FE2D1E2913}.Debug|Any CPU.Build.0 = Debug|Any CPU
		{9ED7E46A-3304-4971-A77D-41FE2D1E2913}.Release|Any CPU.ActiveCfg = Release|Any CPU
		{9ED7E46A-3304-4971-A77D-41FE2D1E2913}.Release|Any CPU.Build.0 = Release|Any CPU
	EndGlobalSection
EndGlobal
